Microsoft Visual Studio Solution File, Format Version 7.00
Project("{8BC9CEB8-8B4A-11D0-8D11-00A0C91BC942}") = "auto", "auto.vcproj", "{78E47D97-788F-4980-9F4F-19B09D89CD02}"
EndProject
Global
	GlobalSection(SolutionConfiguration) = preSolution
		ConfigName.0 = Debug
		ConfigName.1 = Release
	EndGlobalSection
	GlobalSection(ProjectDependencies) = postSolution
	EndGlobalSection
	GlobalSection(ProjectConfiguration) = postSolution
		{78E47D97-788F-4980-9F4F-19B09D89CD02}.Debug.ActiveCfg = Debug|Win32
		{78E47D97-788F-4980-9F4F-19B09D89CD02}.Debug.Build.0 = Debug|Win32
		{78E47D97-788F-4980-9F4F-19B09D89CD02}.Release.ActiveCfg = Release|Win32
		{78E47D97-788F-4980-9F4F-19B09D89CD02}.Release.Build.0 = Release|Win32
	EndGlobalSection
	GlobalSection(ExtensibilityGlobals) = postSolution
	EndGlobalSection
	GlobalSection(ExtensibilityAddIns) = postSolution
	EndGlobalSection
EndGlobal
