Microsoft Visual Studio Solution File, Format Version 9.00
# Visual Studio 2005
Project("{8BC9CEB8-8B4A-11D0-8D11-00A0C91BC942}") = "CPS", "CPS.vcproj", "{F31DD788-46A2-4AF7-BDB8-4A41D885DDDB}"
EndProject
Project("{8BC9CEB8-8B4A-11D0-8D11-00A0C91BC942}") = "VektorTest", "VektorTest\VektorTest.vcproj", "{9103E076-3A1C-4EB7-9079-0E3AAECBAE5E}"
EndProject
Global
	GlobalSection(SolutionConfigurationPlatforms) = preSolution
		CPS|Win32 = CPS|Win32
		Debug|Win32 = Debug|Win32
		Makefile|Win32 = Makefile|Win32
		Release|Win32 = Release|Win32
		VektorTest|Win32 = VektorTest|Win32
	EndGlobalSection
	GlobalSection(ProjectConfigurationPlatforms) = postSolution
		{F31DD788-46A2-4AF7-BDB8-4A41D885DDDB}.CPS|Win32.ActiveCfg = Debug|Win32
		{F31DD788-46A2-4AF7-BDB8-4A41D885DDDB}.CPS|Win32.Build.0 = Debug|Win32
		{F31DD788-46A2-4AF7-BDB8-4A41D885DDDB}.Debug|Win32.ActiveCfg = Debug|Win32
		{F31DD788-46A2-4AF7-BDB8-4A41D885DDDB}.Debug|Win32.Build.0 = Debug|Win32
		{F31DD788-46A2-4AF7-BDB8-4A41D885DDDB}.Makefile|Win32.ActiveCfg = Makefile|Win32
		{F31DD788-46A2-4AF7-BDB8-4A41D885DDDB}.Makefile|Win32.Build.0 = Makefile|Win32
		{F31DD788-46A2-4AF7-BDB8-4A41D885DDDB}.Release|Win32.ActiveCfg = Debug|Win32
		{F31DD788-46A2-4AF7-BDB8-4A41D885DDDB}.Release|Win32.Build.0 = Debug|Win32
		{F31DD788-46A2-4AF7-BDB8-4A41D885DDDB}.VektorTest|Win32.ActiveCfg = Debug|Win32
		{9103E076-3A1C-4EB7-9079-0E3AAECBAE5E}.CPS|Win32.ActiveCfg = CPS|Win32
		{9103E076-3A1C-4EB7-9079-0E3AAECBAE5E}.Debug|Win32.ActiveCfg = Debug|Win32
		{9103E076-3A1C-4EB7-9079-0E3AAECBAE5E}.Debug|Win32.Build.0 = Debug|Win32
		{9103E076-3A1C-4EB7-9079-0E3AAECBAE5E}.Makefile|Win32.ActiveCfg = Makefile|Win32
		{9103E076-3A1C-4EB7-9079-0E3AAECBAE5E}.Makefile|Win32.Build.0 = Makefile|Win32
		{9103E076-3A1C-4EB7-9079-0E3AAECBAE5E}.Release|Win32.ActiveCfg = Debug|Win32
		{9103E076-3A1C-4EB7-9079-0E3AAECBAE5E}.Release|Win32.Build.0 = Debug|Win32
		{9103E076-3A1C-4EB7-9079-0E3AAECBAE5E}.VektorTest|Win32.ActiveCfg = Debug|Win32
		{9103E076-3A1C-4EB7-9079-0E3AAECBAE5E}.VektorTest|Win32.Build.0 = Debug|Win32
	EndGlobalSection
	GlobalSection(SolutionProperties) = preSolution
		HideSolutionNode = FALSE
	EndGlobalSection
EndGlobal
